
Microsoft Visual Studio Solution File, Format Version 12.00
# Visual Studio 15
VisualStudioVersion = 15.0.28307.1145
MinimumVisualStudioVersion = 10.0.40219.1
Project("{FAE04EC0-301F-11D3-BF4B-00C04F79EFBC}") = "Proyecto_Pagos_Eventos", "Proyecto_Pagos_Eventos\Proyecto_Pagos_Eventos.csproj", "{EF00B16D-2B4F-4D85-8AB0-DE6262C92EC5}"
EndProject
Global
	GlobalSection(SolutionConfigurationPlatforms) = preSolution
		Debug|Any CPU = Debug|Any CPU
		Release|Any CPU = Release|Any CPU
	EndGlobalSection
	GlobalSection(ProjectConfigurationPlatforms) = postSolution
		{EF00B16D-2B4F-4D85-8AB0-DE6262C92EC5}.Debug|Any CPU.ActiveCfg = Debug|Any CPU
		{EF00B16D-2B4F-4D85-8AB0-DE6262C92EC5}.Debug|Any CPU.Build.0 = Debug|Any CPU
		{EF00B16D-2B4F-4D85-8AB0-DE6262C92EC5}.Release|Any CPU.ActiveCfg = Release|Any CPU
		{EF00B16D-2B4F-4D85-8AB0-DE6262C92EC5}.Release|Any CPU.Build.0 = Release|Any CPU
	EndGlobalSection
	GlobalSection(SolutionProperties) = preSolution
		HideSolutionNode = FALSE
	EndGlobalSection
	GlobalSection(ExtensibilityGlobals) = postSolution
		SolutionGuid = {AD2BAA0A-EA15-4518-A3CF-B00AF23A8B92}
	EndGlobalSection
EndGlobal
